
Microsoft Visual Studio Solution File, Format Version 12.00
# Visual Studio 15
VisualStudioVersion = 15.0.26124.0
MinimumVisualStudioVersion = 15.0.26124.0
Project("{FAE04EC0-301F-11D3-BF4B-00C04F79EFBC}") = "Backend_test.API", "Backend_test.API\Backend_test.API.csproj", "{D2F73333-B89C-4284-80B2-BAA9A47C0A5C}"
EndProject
Project("{FAE04EC0-301F-11D3-BF4B-00C04F79EFBC}") = "Backend_test.Domain", "Backend_test.Domain\Backend_test.Domain.csproj", "{456F3C62-0B13-4A0D-88EC-166467AEB06B}"
EndProject
Project("{FAE04EC0-301F-11D3-BF4B-00C04F79EFBC}") = "Backend_test.Repository", "Backend_test.Repository\Backend_test.Repository.csproj", "{9D97C160-2F47-4048-9281-21FAD64BBB7D}"
EndProject
Global
	GlobalSection(SolutionConfigurationPlatforms) = preSolution
		Debug|Any CPU = Debug|Any CPU
		Debug|x64 = Debug|x64
		Debug|x86 = Debug|x86
		Release|Any CPU = Release|Any CPU
		Release|x64 = Release|x64
		Release|x86 = Release|x86
	EndGlobalSection
	GlobalSection(SolutionProperties) = preSolution
		HideSolutionNode = FALSE
	EndGlobalSection
	GlobalSection(ProjectConfigurationPlatforms) = postSolution
		{D2F73333-B89C-4284-80B2-BAA9A47C0A5C}.Debug|Any CPU.ActiveCfg = Debug|Any CPU
		{D2F73333-B89C-4284-80B2-BAA9A47C0A5C}.Debug|Any CPU.Build.0 = Debug|Any CPU
		{D2F73333-B89C-4284-80B2-BAA9A47C0A5C}.Debug|x64.ActiveCfg = Debug|Any CPU
		{D2F73333-B89C-4284-80B2-BAA9A47C0A5C}.Debug|x64.Build.0 = Debug|Any CPU
		{D2F73333-B89C-4284-80B2-BAA9A47C0A5C}.Debug|x86.ActiveCfg = Debug|Any CPU
		{D2F73333-B89C-4284-80B2-BAA9A47C0A5C}.Debug|x86.Build.0 = Debug|Any CPU
		{D2F73333-B89C-4284-80B2-BAA9A47C0A5C}.Release|Any CPU.ActiveCfg = Release|Any CPU
		{D2F73333-B89C-4284-80B2-BAA9A47C0A5C}.Release|Any CPU.Build.0 = Release|Any CPU
		{D2F73333-B89C-4284-80B2-BAA9A47C0A5C}.Release|x64.ActiveCfg = Release|Any CPU
		{D2F73333-B89C-4284-80B2-BAA9A47C0A5C}.Release|x64.Build.0 = Release|Any CPU
		{D2F73333-B89C-4284-80B2-BAA9A47C0A5C}.Release|x86.ActiveCfg = Release|Any CPU
		{D2F73333-B89C-4284-80B2-BAA9A47C0A5C}.Release|x86.Build.0 = Release|Any CPU
		{456F3C62-0B13-4A0D-88EC-166467AEB06B}.Debug|Any CPU.ActiveCfg = Debug|Any CPU
		{456F3C62-0B13-4A0D-88EC-166467AEB06B}.Debug|Any CPU.Build.0 = Debug|Any CPU
		{456F3C62-0B13-4A0D-88EC-166467AEB06B}.Debug|x64.ActiveCfg = Debug|Any CPU
		{456F3C62-0B13-4A0D-88EC-166467AEB06B}.Debug|x64.Build.0 = Debug|Any CPU
		{456F3C62-0B13-4A0D-88EC-166467AEB06B}.Debug|x86.ActiveCfg = Debug|Any CPU
		{456F3C62-0B13-4A0D-88EC-166467AEB06B}.Debug|x86.Build.0 = Debug|Any CPU
		{456F3C62-0B13-4A0D-88EC-166467AEB06B}.Release|Any CPU.ActiveCfg = Release|Any CPU
		{456F3C62-0B13-4A0D-88EC-166467AEB06B}.Release|Any CPU.Build.0 = Release|Any CPU
		{456F3C62-0B13-4A0D-88EC-166467AEB06B}.Release|x64.ActiveCfg = Release|Any CPU
		{456F3C62-0B13-4A0D-88EC-166467AEB06B}.Release|x64.Build.0 = Release|Any CPU
		{456F3C62-0B13-4A0D-88EC-166467AEB06B}.Release|x86.ActiveCfg = Release|Any CPU
		{456F3C62-0B13-4A0D-88EC-166467AEB06B}.Release|x86.Build.0 = Release|Any CPU
		{9D97C160-2F47-4048-9281-21FAD64BBB7D}.Debug|Any CPU.ActiveCfg = Debug|Any CPU
		{9D97C160-2F47-4048-9281-21FAD64BBB7D}.Debug|Any CPU.Build.0 = Debug|Any CPU
		{9D97C160-2F47-4048-9281-21FAD64BBB7D}.Debug|x64.ActiveCfg = Debug|Any CPU
		{9D97C160-2F47-4048-9281-21FAD64BBB7D}.Debug|x64.Build.0 = Debug|Any CPU
		{9D97C160-2F47-4048-9281-21FAD64BBB7D}.Debug|x86.ActiveCfg = Debug|Any CPU
		{9D97C160-2F47-4048-9281-21FAD64BBB7D}.Debug|x86.Build.0 = Debug|Any CPU
		{9D97C160-2F47-4048-9281-21FAD64BBB7D}.Release|Any CPU.ActiveCfg = Release|Any CPU
		{9D97C160-2F47-4048-9281-21FAD64BBB7D}.Release|Any CPU.Build.0 = Release|Any CPU
		{9D97C160-2F47-4048-9281-21FAD64BBB7D}.Release|x64.ActiveCfg = Release|Any CPU
		{9D97C160-2F47-4048-9281-21FAD64BBB7D}.Release|x64.Build.0 = Release|Any CPU
		{9D97C160-2F47-4048-9281-21FAD64BBB7D}.Release|x86.ActiveCfg = Release|Any CPU
		{9D97C160-2F47-4048-9281-21FAD64BBB7D}.Release|x86.Build.0 = Release|Any CPU
	EndGlobalSection
EndGlobal
