
Microsoft Visual Studio Solution File, Format Version 12.00
# Visual Studio 15
VisualStudioVersion = 15.0.26124.0
MinimumVisualStudioVersion = 15.0.26124.0
Project("{FAE04EC0-301F-11D3-BF4B-00C04F79EFBC}") = "BackEnd.API", "BackEnd.API\BackEnd.API.csproj", "{0D186ACE-8BD3-4042-9345-E3AE39199C6A}"
EndProject
Project("{FAE04EC0-301F-11D3-BF4B-00C04F79EFBC}") = "BackEnd.Repository", "BackEnd.Repository\BackEnd.Repository.csproj", "{DEC18FBD-6A4C-4433-B591-791B8B992651}"
EndProject
Project("{FAE04EC0-301F-11D3-BF4B-00C04F79EFBC}") = "BackEnd.Domain", "BackEnd.Domain\BackEnd.Domain.csproj", "{D2BE7FB2-6ED4-4C84-9BDD-7EBC79C6124B}"
EndProject
Global
	GlobalSection(SolutionConfigurationPlatforms) = preSolution
		Debug|Any CPU = Debug|Any CPU
		Debug|x64 = Debug|x64
		Debug|x86 = Debug|x86
		Release|Any CPU = Release|Any CPU
		Release|x64 = Release|x64
		Release|x86 = Release|x86
	EndGlobalSection
	GlobalSection(SolutionProperties) = preSolution
		HideSolutionNode = FALSE
	EndGlobalSection
	GlobalSection(ProjectConfigurationPlatforms) = postSolution
		{0D186ACE-8BD3-4042-9345-E3AE39199C6A}.Debug|Any CPU.ActiveCfg = Debug|Any CPU
		{0D186ACE-8BD3-4042-9345-E3AE39199C6A}.Debug|Any CPU.Build.0 = Debug|Any CPU
		{0D186ACE-8BD3-4042-9345-E3AE39199C6A}.Debug|x64.ActiveCfg = Debug|Any CPU
		{0D186ACE-8BD3-4042-9345-E3AE39199C6A}.Debug|x64.Build.0 = Debug|Any CPU
		{0D186ACE-8BD3-4042-9345-E3AE39199C6A}.Debug|x86.ActiveCfg = Debug|Any CPU
		{0D186ACE-8BD3-4042-9345-E3AE39199C6A}.Debug|x86.Build.0 = Debug|Any CPU
		{0D186ACE-8BD3-4042-9345-E3AE39199C6A}.Release|Any CPU.ActiveCfg = Release|Any CPU
		{0D186ACE-8BD3-4042-9345-E3AE39199C6A}.Release|Any CPU.Build.0 = Release|Any CPU
		{0D186ACE-8BD3-4042-9345-E3AE39199C6A}.Release|x64.ActiveCfg = Release|Any CPU
		{0D186ACE-8BD3-4042-9345-E3AE39199C6A}.Release|x64.Build.0 = Release|Any CPU
		{0D186ACE-8BD3-4042-9345-E3AE39199C6A}.Release|x86.ActiveCfg = Release|Any CPU
		{0D186ACE-8BD3-4042-9345-E3AE39199C6A}.Release|x86.Build.0 = Release|Any CPU
		{DEC18FBD-6A4C-4433-B591-791B8B992651}.Debug|Any CPU.ActiveCfg = Debug|Any CPU
		{DEC18FBD-6A4C-4433-B591-791B8B992651}.Debug|Any CPU.Build.0 = Debug|Any CPU
		{DEC18FBD-6A4C-4433-B591-791B8B992651}.Debug|x64.ActiveCfg = Debug|Any CPU
		{DEC18FBD-6A4C-4433-B591-791B8B992651}.Debug|x64.Build.0 = Debug|Any CPU
		{DEC18FBD-6A4C-4433-B591-791B8B992651}.Debug|x86.ActiveCfg = Debug|Any CPU
		{DEC18FBD-6A4C-4433-B591-791B8B992651}.Debug|x86.Build.0 = Debug|Any CPU
		{DEC18FBD-6A4C-4433-B591-791B8B992651}.Release|Any CPU.ActiveCfg = Release|Any CPU
		{DEC18FBD-6A4C-4433-B591-791B8B992651}.Release|Any CPU.Build.0 = Release|Any CPU
		{DEC18FBD-6A4C-4433-B591-791B8B992651}.Release|x64.ActiveCfg = Release|Any CPU
		{DEC18FBD-6A4C-4433-B591-791B8B992651}.Release|x64.Build.0 = Release|Any CPU
		{DEC18FBD-6A4C-4433-B591-791B8B992651}.Release|x86.ActiveCfg = Release|Any CPU
		{DEC18FBD-6A4C-4433-B591-791B8B992651}.Release|x86.Build.0 = Release|Any CPU
		{D2BE7FB2-6ED4-4C84-9BDD-7EBC79C6124B}.Debug|Any CPU.ActiveCfg = Debug|Any CPU
		{D2BE7FB2-6ED4-4C84-9BDD-7EBC79C6124B}.Debug|Any CPU.Build.0 = Debug|Any CPU
		{D2BE7FB2-6ED4-4C84-9BDD-7EBC79C6124B}.Debug|x64.ActiveCfg = Debug|Any CPU
		{D2BE7FB2-6ED4-4C84-9BDD-7EBC79C6124B}.Debug|x64.Build.0 = Debug|Any CPU
		{D2BE7FB2-6ED4-4C84-9BDD-7EBC79C6124B}.Debug|x86.ActiveCfg = Debug|Any CPU
		{D2BE7FB2-6ED4-4C84-9BDD-7EBC79C6124B}.Debug|x86.Build.0 = Debug|Any CPU
		{D2BE7FB2-6ED4-4C84-9BDD-7EBC79C6124B}.Release|Any CPU.ActiveCfg = Release|Any CPU
		{D2BE7FB2-6ED4-4C84-9BDD-7EBC79C6124B}.Release|Any CPU.Build.0 = Release|Any CPU
		{D2BE7FB2-6ED4-4C84-9BDD-7EBC79C6124B}.Release|x64.ActiveCfg = Release|Any CPU
		{D2BE7FB2-6ED4-4C84-9BDD-7EBC79C6124B}.Release|x64.Build.0 = Release|Any CPU
		{D2BE7FB2-6ED4-4C84-9BDD-7EBC79C6124B}.Release|x86.ActiveCfg = Release|Any CPU
		{D2BE7FB2-6ED4-4C84-9BDD-7EBC79C6124B}.Release|x86.Build.0 = Release|Any CPU
	EndGlobalSection
EndGlobal
